
Microsoft Visual Studio Solution File, Format Version 12.00
# Visual Studio Version 16
VisualStudioVersion = 16.0.28803.156
MinimumVisualStudioVersion = 10.0.40219.1
Project("{9A19103F-16F7-4668-BE54-9A1E7A4F7556}") = "Domore.Configuration", "Domore.Configuration\Domore.Configuration.csproj", "{3D54AE19-F7A4-414F-81B0-26D6AB344F4B}"
EndProject
Project("{9A19103F-16F7-4668-BE54-9A1E7A4F7556}") = "Domore.Configuration.ConfigurationManager", "Domore.Configuration.ConfigurationManager\Domore.Configuration.ConfigurationManager.csproj", "{95EC294A-BE3F-47B3-A272-B3CF82368493}"
EndProject
Project("{9A19103F-16F7-4668-BE54-9A1E7A4F7556}") = "Domore.Configuration.Test", "Domore.Configuration.Test\Domore.Configuration.Test.csproj", "{1D2FACED-35E0-450F-96D3-B3271F30A7A5}"
EndProject
Project("{FAE04EC0-301F-11D3-BF4B-00C04F79EFBC}") = "Domore.Configuration.ConfigurationManager.Test", "Domore.Configuration.ConfigurationManager.Test\Domore.Configuration.ConfigurationManager.Test.csproj", "{0F691E33-258F-4902-8DF0-19FB19AF76B8}"
EndProject
Project("{FAE04EC0-301F-11D3-BF4B-00C04F79EFBC}") = "Domore.Configuration.Sample", "Domore.Configuration.Sample\Domore.Configuration.Sample.csproj", "{6930A094-5660-4F43-B953-FE2D91DCDD89}"
EndProject
Global
	GlobalSection(SolutionConfigurationPlatforms) = preSolution
		Debug|Any CPU = Debug|Any CPU
		Release|Any CPU = Release|Any CPU
	EndGlobalSection
	GlobalSection(ProjectConfigurationPlatforms) = postSolution
		{3D54AE19-F7A4-414F-81B0-26D6AB344F4B}.Debug|Any CPU.ActiveCfg = Debug|Any CPU
		{3D54AE19-F7A4-414F-81B0-26D6AB344F4B}.Debug|Any CPU.Build.0 = Debug|Any CPU
		{3D54AE19-F7A4-414F-81B0-26D6AB344F4B}.Release|Any CPU.ActiveCfg = Release|Any CPU
		{3D54AE19-F7A4-414F-81B0-26D6AB344F4B}.Release|Any CPU.Build.0 = Release|Any CPU
		{95EC294A-BE3F-47B3-A272-B3CF82368493}.Debug|Any CPU.ActiveCfg = Debug|Any CPU
		{95EC294A-BE3F-47B3-A272-B3CF82368493}.Debug|Any CPU.Build.0 = Debug|Any CPU
		{95EC294A-BE3F-47B3-A272-B3CF82368493}.Release|Any CPU.ActiveCfg = Release|Any CPU
		{95EC294A-BE3F-47B3-A272-B3CF82368493}.Release|Any CPU.Build.0 = Release|Any CPU
		{1D2FACED-35E0-450F-96D3-B3271F30A7A5}.Debug|Any CPU.ActiveCfg = Debug|Any CPU
		{1D2FACED-35E0-450F-96D3-B3271F30A7A5}.Debug|Any CPU.Build.0 = Debug|Any CPU
		{1D2FACED-35E0-450F-96D3-B3271F30A7A5}.Release|Any CPU.ActiveCfg = Release|Any CPU
		{1D2FACED-35E0-450F-96D3-B3271F30A7A5}.Release|Any CPU.Build.0 = Release|Any CPU
		{0F691E33-258F-4902-8DF0-19FB19AF76B8}.Debug|Any CPU.ActiveCfg = Debug|Any CPU
		{0F691E33-258F-4902-8DF0-19FB19AF76B8}.Debug|Any CPU.Build.0 = Debug|Any CPU
		{0F691E33-258F-4902-8DF0-19FB19AF76B8}.Release|Any CPU.ActiveCfg = Release|Any CPU
		{0F691E33-258F-4902-8DF0-19FB19AF76B8}.Release|Any CPU.Build.0 = Release|Any CPU
		{6930A094-5660-4F43-B953-FE2D91DCDD89}.Debug|Any CPU.ActiveCfg = Debug|Any CPU
		{6930A094-5660-4F43-B953-FE2D91DCDD89}.Debug|Any CPU.Build.0 = Debug|Any CPU
		{6930A094-5660-4F43-B953-FE2D91DCDD89}.Release|Any CPU.ActiveCfg = Release|Any CPU
		{6930A094-5660-4F43-B953-FE2D91DCDD89}.Release|Any CPU.Build.0 = Release|Any CPU
	EndGlobalSection
	GlobalSection(SolutionProperties) = preSolution
		HideSolutionNode = FALSE
	EndGlobalSection
	GlobalSection(ExtensibilityGlobals) = postSolution
		SolutionGuid = {E0CCF879-418A-463A-BCD6-96DEFBD56F6F}
	EndGlobalSection
EndGlobal
