
Microsoft Visual Studio Solution File, Format Version 12.00
# Visual Studio Version 16
VisualStudioVersion = 16.0.28803.156
MinimumVisualStudioVersion = 10.0.40219.1
Project("{2150E333-8FDC-42A3-9474-1A3956D46DE8}") = "test", "test", "{5317B78A-29C8-4F87-AC5C-430BA14A301C}"
EndProject
Project("{D954291E-2A0B-460D-934E-DC6B0785DB48}") = "Domore.Configuration", "Domore.Configuration\Domore.Configuration.shproj", "{9CE7183F-974D-4580-9A00-1A70FB5FEE8D}"
EndProject
Project("{2150E333-8FDC-42A3-9474-1A3956D46DE8}") = "netstandard2.0", "netstandard2.0", "{48D60C49-DB52-4C05-9026-7B2863A5BB51}"
EndProject
Project("{9A19103F-16F7-4668-BE54-9A1E7A4F7556}") = "Domore.Configuration-netstandard2.0", "Domore.Configuration-netstandard2.0\Domore.Configuration-netstandard2.0.csproj", "{2A604640-E596-4BC5-AD5D-BA197A8968EE}"
EndProject
Project("{D954291E-2A0B-460D-934E-DC6B0785DB48}") = "Domore.Configuration.ConfigurationManager", "Domore.Configuration.ConfigurationManager\Domore.Configuration.ConfigurationManager.shproj", "{7D23781A-E9CC-49A6-BC23-881E54E1EDC2}"
EndProject
Project("{9A19103F-16F7-4668-BE54-9A1E7A4F7556}") = "Domore.Configuration.ConfigurationManager-netstandard2.0", "Domore.Configuration.ConfigurationManager-netstandard2.0\Domore.Configuration.ConfigurationManager-netstandard2.0.csproj", "{7D4647EF-6D95-49A7-B34F-84AE9EB8C2A1}"
EndProject
Project("{D954291E-2A0B-460D-934E-DC6B0785DB48}") = "Domore.Configuration.Test", "Domore.Configuration.Test\Domore.Configuration.Test.shproj", "{EB450AD4-7F83-455A-AD81-32DC76128F54}"
EndProject
Project("{2150E333-8FDC-42A3-9474-1A3956D46DE8}") = "net40", "net40", "{D0DD8B74-CCC6-4948-B037-C03EB43CF5D1}"
EndProject
Project("{FAE04EC0-301F-11D3-BF4B-00C04F79EFBC}") = "Domore.Configuration-net40", "Domore.Configuration-net40\Domore.Configuration-net40.csproj", "{E5717466-9682-4408-A3CB-9E90353607A5}"
EndProject
Project("{FAE04EC0-301F-11D3-BF4B-00C04F79EFBC}") = "Domore.Configuration.ConfigurationManager-net40", "Domore.Configuration.ConfigurationManager-net40\Domore.Configuration.ConfigurationManager-net40.csproj", "{BC4DC1EA-B4FA-48D9-AD4C-C6432E1600F8}"
EndProject
Project("{2150E333-8FDC-42A3-9474-1A3956D46DE8}") = "test", "test", "{AA85738C-11B2-43AC-B127-063E3521B490}"
EndProject
Project("{FAE04EC0-301F-11D3-BF4B-00C04F79EFBC}") = "Domore.Configuration.Test-net40", "Domore.Configuration.Test-net40\Domore.Configuration.Test-net40.csproj", "{17AF8465-B481-4D5F-81C2-914E777022ED}"
EndProject
Project("{D954291E-2A0B-460D-934E-DC6B0785DB48}") = "Domore.Configuration.ConfigurationManager.Test", "Domore.Configuration.ConfigurationManager.Test\Domore.Configuration.ConfigurationManager.Test.shproj", "{E77A3A8B-7244-41A3-9D8D-B6EAFE7E50F9}"
EndProject
Project("{FAE04EC0-301F-11D3-BF4B-00C04F79EFBC}") = "Domore.Configuration.ConfigurationManager.Test-net40", "Domore.Configuration.ConfigurationManager.Test-net40\Domore.Configuration.ConfigurationManager.Test-net40.csproj", "{1CB0F8AA-5891-489C-8BB3-365BFBC0C255}"
EndProject
Project("{2150E333-8FDC-42A3-9474-1A3956D46DE8}") = "netcoreapp2.0", "netcoreapp2.0", "{9D69B4CE-B498-4650-86EC-13AD0FFAA3C3}"
EndProject
Project("{FAE04EC0-301F-11D3-BF4B-00C04F79EFBC}") = "Domore.Configuration-netcoreapp2.0", "Domore.Configuration-netcoreapp2.0\Domore.Configuration-netcoreapp2.0.csproj", "{D9523C6B-1D5A-4DFA-9D9C-C42A5006BBE3}"
EndProject
Project("{FAE04EC0-301F-11D3-BF4B-00C04F79EFBC}") = "Domore.Configuration.ConfigurationManager-netcoreapp2.0", "Domore.Configuration.ConfigurationManager-netcoreapp2.0\Domore.Configuration.ConfigurationManager-netcoreapp2.0.csproj", "{DEB0E4C2-FE9E-44BA-94CC-DC3F25EE2D7B}"
EndProject
Project("{2150E333-8FDC-42A3-9474-1A3956D46DE8}") = "test", "test", "{927ED15D-84AE-4D86-B814-28DBE68A50A7}"
EndProject
Project("{FAE04EC0-301F-11D3-BF4B-00C04F79EFBC}") = "Domore.Configuration.Test-netcoreapp2.0", "Domore.Configuration.Test-netcoreapp2.0\Domore.Configuration.Test-netcoreapp2.0.csproj", "{50BCA5D1-D62F-480C-830A-C0BA0110FDDD}"
EndProject
Project("{FAE04EC0-301F-11D3-BF4B-00C04F79EFBC}") = "Domore.Configuration.ConfigurationManager.Test-netcoreapp2.0", "Domore.Configuration.ConfigurationManager.Test-netcorea\Domore.Configuration.ConfigurationManager.Test-netcoreapp2.0.csproj", "{E0B8D927-5CE4-49FD-8158-D5D3203FD020}"
EndProject
Project("{2150E333-8FDC-42A3-9474-1A3956D46DE8}") = "nuget", "nuget", "{3FAA09E4-6870-47D0-B7E8-E3FCA9F88B5E}"
	ProjectSection(SolutionItems) = preProject
		Domore.Configuration.ConfigurationManager.nuspec = Domore.Configuration.ConfigurationManager.nuspec
		Domore.Configuration.nuspec = Domore.Configuration.nuspec
	EndProjectSection
EndProject
Project("{2150E333-8FDC-42A3-9474-1A3956D46DE8}") = "release", "release", "{C8B1F9A1-86F7-4C40-9C13-87EC1B830314}"
EndProject
Project("{FAE04EC0-301F-11D3-BF4B-00C04F79EFBC}") = "Domore.Release", "Domore.Release\Domore.Release.csproj", "{CEB65741-53B7-4CB1-975E-09B4C17426C6}"
EndProject
Global
	GlobalSection(SharedMSBuildProjectFiles) = preSolution
		Domore.Configuration.Test\Domore.Configuration.Test.projitems*{17af8465-b481-4d5f-81c2-914e777022ed}*SharedItemsImports = 4
		Domore.Configuration.ConfigurationManager.Test\Domore.Configuration.ConfigurationManager.Test.projitems*{1cb0f8aa-5891-489c-8bb3-365bfbc0c255}*SharedItemsImports = 4
		Domore.Configuration.ConfigurationManager\Domore.Configuration.ConfigurationManager.projitems*{7d23781a-e9cc-49a6-bc23-881e54e1edc2}*SharedItemsImports = 13
		Domore.Configuration\Domore.Configuration.projitems*{9ce7183f-974d-4580-9a00-1a70fb5fee8d}*SharedItemsImports = 13
		Domore.Configuration.ConfigurationManager\Domore.Configuration.ConfigurationManager.projitems*{bc4dc1ea-b4fa-48d9-ad4c-c6432e1600f8}*SharedItemsImports = 4
		Domore.Configuration\Domore.Configuration.projitems*{e5717466-9682-4408-a3cb-9e90353607a5}*SharedItemsImports = 4
		Domore.Configuration.ConfigurationManager.Test\Domore.Configuration.ConfigurationManager.Test.projitems*{e77a3a8b-7244-41a3-9d8d-b6eafe7e50f9}*SharedItemsImports = 13
		Domore.Configuration.Test\Domore.Configuration.Test.projitems*{eb450ad4-7f83-455a-ad81-32dc76128f54}*SharedItemsImports = 13
	EndGlobalSection
	GlobalSection(SolutionConfigurationPlatforms) = preSolution
		Debug|Any CPU = Debug|Any CPU
		Release|Any CPU = Release|Any CPU
	EndGlobalSection
	GlobalSection(ProjectConfigurationPlatforms) = postSolution
		{2A604640-E596-4BC5-AD5D-BA197A8968EE}.Debug|Any CPU.ActiveCfg = Debug|Any CPU
		{2A604640-E596-4BC5-AD5D-BA197A8968EE}.Debug|Any CPU.Build.0 = Debug|Any CPU
		{2A604640-E596-4BC5-AD5D-BA197A8968EE}.Release|Any CPU.ActiveCfg = Release|Any CPU
		{2A604640-E596-4BC5-AD5D-BA197A8968EE}.Release|Any CPU.Build.0 = Release|Any CPU
		{7D4647EF-6D95-49A7-B34F-84AE9EB8C2A1}.Debug|Any CPU.ActiveCfg = Debug|Any CPU
		{7D4647EF-6D95-49A7-B34F-84AE9EB8C2A1}.Debug|Any CPU.Build.0 = Debug|Any CPU
		{7D4647EF-6D95-49A7-B34F-84AE9EB8C2A1}.Release|Any CPU.ActiveCfg = Release|Any CPU
		{7D4647EF-6D95-49A7-B34F-84AE9EB8C2A1}.Release|Any CPU.Build.0 = Release|Any CPU
		{E5717466-9682-4408-A3CB-9E90353607A5}.Debug|Any CPU.ActiveCfg = Debug|Any CPU
		{E5717466-9682-4408-A3CB-9E90353607A5}.Debug|Any CPU.Build.0 = Debug|Any CPU
		{E5717466-9682-4408-A3CB-9E90353607A5}.Release|Any CPU.ActiveCfg = Release|Any CPU
		{E5717466-9682-4408-A3CB-9E90353607A5}.Release|Any CPU.Build.0 = Release|Any CPU
		{BC4DC1EA-B4FA-48D9-AD4C-C6432E1600F8}.Debug|Any CPU.ActiveCfg = Debug|Any CPU
		{BC4DC1EA-B4FA-48D9-AD4C-C6432E1600F8}.Debug|Any CPU.Build.0 = Debug|Any CPU
		{BC4DC1EA-B4FA-48D9-AD4C-C6432E1600F8}.Release|Any CPU.ActiveCfg = Release|Any CPU
		{BC4DC1EA-B4FA-48D9-AD4C-C6432E1600F8}.Release|Any CPU.Build.0 = Release|Any CPU
		{17AF8465-B481-4D5F-81C2-914E777022ED}.Debug|Any CPU.ActiveCfg = Debug|Any CPU
		{17AF8465-B481-4D5F-81C2-914E777022ED}.Debug|Any CPU.Build.0 = Debug|Any CPU
		{17AF8465-B481-4D5F-81C2-914E777022ED}.Release|Any CPU.ActiveCfg = Release|Any CPU
		{17AF8465-B481-4D5F-81C2-914E777022ED}.Release|Any CPU.Build.0 = Release|Any CPU
		{1CB0F8AA-5891-489C-8BB3-365BFBC0C255}.Debug|Any CPU.ActiveCfg = Debug|Any CPU
		{1CB0F8AA-5891-489C-8BB3-365BFBC0C255}.Debug|Any CPU.Build.0 = Debug|Any CPU
		{1CB0F8AA-5891-489C-8BB3-365BFBC0C255}.Release|Any CPU.ActiveCfg = Release|Any CPU
		{1CB0F8AA-5891-489C-8BB3-365BFBC0C255}.Release|Any CPU.Build.0 = Release|Any CPU
		{D9523C6B-1D5A-4DFA-9D9C-C42A5006BBE3}.Debug|Any CPU.ActiveCfg = Debug|Any CPU
		{D9523C6B-1D5A-4DFA-9D9C-C42A5006BBE3}.Debug|Any CPU.Build.0 = Debug|Any CPU
		{D9523C6B-1D5A-4DFA-9D9C-C42A5006BBE3}.Release|Any CPU.ActiveCfg = Release|Any CPU
		{D9523C6B-1D5A-4DFA-9D9C-C42A5006BBE3}.Release|Any CPU.Build.0 = Release|Any CPU
		{DEB0E4C2-FE9E-44BA-94CC-DC3F25EE2D7B}.Debug|Any CPU.ActiveCfg = Debug|Any CPU
		{DEB0E4C2-FE9E-44BA-94CC-DC3F25EE2D7B}.Debug|Any CPU.Build.0 = Debug|Any CPU
		{DEB0E4C2-FE9E-44BA-94CC-DC3F25EE2D7B}.Release|Any CPU.ActiveCfg = Release|Any CPU
		{DEB0E4C2-FE9E-44BA-94CC-DC3F25EE2D7B}.Release|Any CPU.Build.0 = Release|Any CPU
		{50BCA5D1-D62F-480C-830A-C0BA0110FDDD}.Debug|Any CPU.ActiveCfg = Debug|Any CPU
		{50BCA5D1-D62F-480C-830A-C0BA0110FDDD}.Debug|Any CPU.Build.0 = Debug|Any CPU
		{50BCA5D1-D62F-480C-830A-C0BA0110FDDD}.Release|Any CPU.ActiveCfg = Release|Any CPU
		{50BCA5D1-D62F-480C-830A-C0BA0110FDDD}.Release|Any CPU.Build.0 = Release|Any CPU
		{E0B8D927-5CE4-49FD-8158-D5D3203FD020}.Debug|Any CPU.ActiveCfg = Debug|Any CPU
		{E0B8D927-5CE4-49FD-8158-D5D3203FD020}.Debug|Any CPU.Build.0 = Debug|Any CPU
		{E0B8D927-5CE4-49FD-8158-D5D3203FD020}.Release|Any CPU.ActiveCfg = Release|Any CPU
		{E0B8D927-5CE4-49FD-8158-D5D3203FD020}.Release|Any CPU.Build.0 = Release|Any CPU
		{CEB65741-53B7-4CB1-975E-09B4C17426C6}.Debug|Any CPU.ActiveCfg = Debug|Any CPU
		{CEB65741-53B7-4CB1-975E-09B4C17426C6}.Debug|Any CPU.Build.0 = Debug|Any CPU
		{CEB65741-53B7-4CB1-975E-09B4C17426C6}.Release|Any CPU.ActiveCfg = Release|Any CPU
		{CEB65741-53B7-4CB1-975E-09B4C17426C6}.Release|Any CPU.Build.0 = Release|Any CPU
	EndGlobalSection
	GlobalSection(SolutionProperties) = preSolution
		HideSolutionNode = FALSE
	EndGlobalSection
	GlobalSection(NestedProjects) = preSolution
		{2A604640-E596-4BC5-AD5D-BA197A8968EE} = {48D60C49-DB52-4C05-9026-7B2863A5BB51}
		{7D4647EF-6D95-49A7-B34F-84AE9EB8C2A1} = {48D60C49-DB52-4C05-9026-7B2863A5BB51}
		{EB450AD4-7F83-455A-AD81-32DC76128F54} = {5317B78A-29C8-4F87-AC5C-430BA14A301C}
		{E5717466-9682-4408-A3CB-9E90353607A5} = {D0DD8B74-CCC6-4948-B037-C03EB43CF5D1}
		{BC4DC1EA-B4FA-48D9-AD4C-C6432E1600F8} = {D0DD8B74-CCC6-4948-B037-C03EB43CF5D1}
		{AA85738C-11B2-43AC-B127-063E3521B490} = {D0DD8B74-CCC6-4948-B037-C03EB43CF5D1}
		{17AF8465-B481-4D5F-81C2-914E777022ED} = {AA85738C-11B2-43AC-B127-063E3521B490}
		{E77A3A8B-7244-41A3-9D8D-B6EAFE7E50F9} = {5317B78A-29C8-4F87-AC5C-430BA14A301C}
		{1CB0F8AA-5891-489C-8BB3-365BFBC0C255} = {AA85738C-11B2-43AC-B127-063E3521B490}
		{D9523C6B-1D5A-4DFA-9D9C-C42A5006BBE3} = {9D69B4CE-B498-4650-86EC-13AD0FFAA3C3}
		{DEB0E4C2-FE9E-44BA-94CC-DC3F25EE2D7B} = {9D69B4CE-B498-4650-86EC-13AD0FFAA3C3}
		{927ED15D-84AE-4D86-B814-28DBE68A50A7} = {9D69B4CE-B498-4650-86EC-13AD0FFAA3C3}
		{50BCA5D1-D62F-480C-830A-C0BA0110FDDD} = {927ED15D-84AE-4D86-B814-28DBE68A50A7}
		{E0B8D927-5CE4-49FD-8158-D5D3203FD020} = {927ED15D-84AE-4D86-B814-28DBE68A50A7}
		{CEB65741-53B7-4CB1-975E-09B4C17426C6} = {C8B1F9A1-86F7-4C40-9C13-87EC1B830314}
	EndGlobalSection
	GlobalSection(ExtensibilityGlobals) = postSolution
		SolutionGuid = {E0CCF879-418A-463A-BCD6-96DEFBD56F6F}
	EndGlobalSection
EndGlobal
