
Microsoft Visual Studio Solution File, Format Version 12.00
# Visual Studio Version 16
VisualStudioVersion = 16.0.28803.156
MinimumVisualStudioVersion = 10.0.40219.1
Project("{9A19103F-16F7-4668-BE54-9A1E7A4F7556}") = "Domore.Conf", "Domore.Conf\Domore.Conf.csproj", "{3D54AE19-F7A4-414F-81B0-26D6AB344F4B}"
EndProject
Project("{9A19103F-16F7-4668-BE54-9A1E7A4F7556}") = "Domore.Conf.ConfigurationManager", "Domore.Conf.ConfigurationManager\Domore.Conf.ConfigurationManager.csproj", "{95EC294A-BE3F-47B3-A272-B3CF82368493}"
EndProject
Project("{9A19103F-16F7-4668-BE54-9A1E7A4F7556}") = "Domore.Conf.Test", "Domore.Conf.Test\Domore.Conf.Test.csproj", "{1D2FACED-35E0-450F-96D3-B3271F30A7A5}"
EndProject
Project("{9A19103F-16F7-4668-BE54-9A1E7A4F7556}") = "Domore.Conf.ConfigurationManager.Test", "Domore.Conf.ConfigurationManager.Test\Domore.Conf.ConfigurationManager.Test.csproj", "{0F691E33-258F-4902-8DF0-19FB19AF76B8}"
EndProject
Project("{9A19103F-16F7-4668-BE54-9A1E7A4F7556}") = "Domore.Conf.Sample", "Domore.Conf.Sample\Domore.Conf.Sample.csproj", "{6930A094-5660-4F43-B953-FE2D91DCDD89}"
EndProject
Project("{2150E333-8FDC-42A3-9474-1A3956D46DE8}") = "properties", "properties", "{247F830B-1C66-40CF-93A4-C28547F0F898}"
	ProjectSection(SolutionItems) = preProject
		Directory.Build.props = Directory.Build.props
	EndProjectSection
EndProject
Project("{2150E333-8FDC-42A3-9474-1A3956D46DE8}") = "test", "test", "{3CBA17DE-C21F-49E9-B3DF-BA8D9FE18619}"
EndProject
Project("{2150E333-8FDC-42A3-9474-1A3956D46DE8}") = "sample", "sample", "{86FD2F1F-060C-4A94-ABD6-CD8DCC10A364}"
EndProject
Project("{2150E333-8FDC-42A3-9474-1A3956D46DE8}") = "release", "release", "{26ED64FD-A7E4-4852-AD8E-5CA32365E18F}"
EndProject
Project("{9A19103F-16F7-4668-BE54-9A1E7A4F7556}") = "Domore.Release", "Domore.Release\Domore.Release.csproj", "{D606E5D5-309E-4F8B-BC1D-FB0A4A0B7479}"
EndProject
Project("{FAE04EC0-301F-11D3-BF4B-00C04F79EFBC}") = "Domore.Conf.Sample.ConfigurationManager", "Domore.Conf.Sample.ConfigurationManager\Domore.Conf.Sample.ConfigurationManager.csproj", "{E542E041-D52D-4A4F-BF5D-42DEFA234BCF}"
EndProject
Global
	GlobalSection(SolutionConfigurationPlatforms) = preSolution
		Debug|Any CPU = Debug|Any CPU
		Release|Any CPU = Release|Any CPU
	EndGlobalSection
	GlobalSection(ProjectConfigurationPlatforms) = postSolution
		{3D54AE19-F7A4-414F-81B0-26D6AB344F4B}.Debug|Any CPU.ActiveCfg = Debug|Any CPU
		{3D54AE19-F7A4-414F-81B0-26D6AB344F4B}.Debug|Any CPU.Build.0 = Debug|Any CPU
		{3D54AE19-F7A4-414F-81B0-26D6AB344F4B}.Release|Any CPU.ActiveCfg = Release|Any CPU
		{3D54AE19-F7A4-414F-81B0-26D6AB344F4B}.Release|Any CPU.Build.0 = Release|Any CPU
		{95EC294A-BE3F-47B3-A272-B3CF82368493}.Debug|Any CPU.ActiveCfg = Debug|Any CPU
		{95EC294A-BE3F-47B3-A272-B3CF82368493}.Debug|Any CPU.Build.0 = Debug|Any CPU
		{95EC294A-BE3F-47B3-A272-B3CF82368493}.Release|Any CPU.ActiveCfg = Release|Any CPU
		{95EC294A-BE3F-47B3-A272-B3CF82368493}.Release|Any CPU.Build.0 = Release|Any CPU
		{1D2FACED-35E0-450F-96D3-B3271F30A7A5}.Debug|Any CPU.ActiveCfg = Debug|Any CPU
		{1D2FACED-35E0-450F-96D3-B3271F30A7A5}.Debug|Any CPU.Build.0 = Debug|Any CPU
		{1D2FACED-35E0-450F-96D3-B3271F30A7A5}.Release|Any CPU.ActiveCfg = Release|Any CPU
		{1D2FACED-35E0-450F-96D3-B3271F30A7A5}.Release|Any CPU.Build.0 = Release|Any CPU
		{0F691E33-258F-4902-8DF0-19FB19AF76B8}.Debug|Any CPU.ActiveCfg = Debug|Any CPU
		{0F691E33-258F-4902-8DF0-19FB19AF76B8}.Debug|Any CPU.Build.0 = Debug|Any CPU
		{0F691E33-258F-4902-8DF0-19FB19AF76B8}.Release|Any CPU.ActiveCfg = Release|Any CPU
		{0F691E33-258F-4902-8DF0-19FB19AF76B8}.Release|Any CPU.Build.0 = Release|Any CPU
		{6930A094-5660-4F43-B953-FE2D91DCDD89}.Debug|Any CPU.ActiveCfg = Debug|Any CPU
		{6930A094-5660-4F43-B953-FE2D91DCDD89}.Debug|Any CPU.Build.0 = Debug|Any CPU
		{6930A094-5660-4F43-B953-FE2D91DCDD89}.Release|Any CPU.ActiveCfg = Release|Any CPU
		{6930A094-5660-4F43-B953-FE2D91DCDD89}.Release|Any CPU.Build.0 = Release|Any CPU
		{D606E5D5-309E-4F8B-BC1D-FB0A4A0B7479}.Debug|Any CPU.ActiveCfg = Debug|Any CPU
		{D606E5D5-309E-4F8B-BC1D-FB0A4A0B7479}.Debug|Any CPU.Build.0 = Debug|Any CPU
		{D606E5D5-309E-4F8B-BC1D-FB0A4A0B7479}.Release|Any CPU.ActiveCfg = Release|Any CPU
		{D606E5D5-309E-4F8B-BC1D-FB0A4A0B7479}.Release|Any CPU.Build.0 = Release|Any CPU
		{E542E041-D52D-4A4F-BF5D-42DEFA234BCF}.Debug|Any CPU.ActiveCfg = Debug|Any CPU
		{E542E041-D52D-4A4F-BF5D-42DEFA234BCF}.Debug|Any CPU.Build.0 = Debug|Any CPU
		{E542E041-D52D-4A4F-BF5D-42DEFA234BCF}.Release|Any CPU.ActiveCfg = Release|Any CPU
		{E542E041-D52D-4A4F-BF5D-42DEFA234BCF}.Release|Any CPU.Build.0 = Release|Any CPU
	EndGlobalSection
	GlobalSection(SolutionProperties) = preSolution
		HideSolutionNode = FALSE
	EndGlobalSection
	GlobalSection(NestedProjects) = preSolution
		{1D2FACED-35E0-450F-96D3-B3271F30A7A5} = {3CBA17DE-C21F-49E9-B3DF-BA8D9FE18619}
		{0F691E33-258F-4902-8DF0-19FB19AF76B8} = {3CBA17DE-C21F-49E9-B3DF-BA8D9FE18619}
		{6930A094-5660-4F43-B953-FE2D91DCDD89} = {86FD2F1F-060C-4A94-ABD6-CD8DCC10A364}
		{D606E5D5-309E-4F8B-BC1D-FB0A4A0B7479} = {26ED64FD-A7E4-4852-AD8E-5CA32365E18F}
		{E542E041-D52D-4A4F-BF5D-42DEFA234BCF} = {86FD2F1F-060C-4A94-ABD6-CD8DCC10A364}
	EndGlobalSection
	GlobalSection(ExtensibilityGlobals) = postSolution
		SolutionGuid = {E0CCF879-418A-463A-BCD6-96DEFBD56F6F}
	EndGlobalSection
EndGlobal
